
Microsoft Visual Studio Solution File, Format Version 12.00
# Visual Studio Version 17
VisualStudioVersion = 17.4.33213.308
MinimumVisualStudioVersion = 10.0.40219.1
Project("{FAE04EC0-301F-11D3-BF4B-00C04F79EFBC}") = "CalculadoraTela", "CalculadoraTela\CalculadoraTela.csproj", "{7EE5C82A-1E30-4289-9451-865488243CA7}"
EndProject
Global
	GlobalSection(SolutionConfigurationPlatforms) = preSolution
		Debug|Any CPU = Debug|Any CPU
		Release|Any CPU = Release|Any CPU
	EndGlobalSection
	GlobalSection(ProjectConfigurationPlatforms) = postSolution
		{7EE5C82A-1E30-4289-9451-865488243CA7}.Debug|Any CPU.ActiveCfg = Debug|Any CPU
		{7EE5C82A-1E30-4289-9451-865488243CA7}.Debug|Any CPU.Build.0 = Debug|Any CPU
		{7EE5C82A-1E30-4289-9451-865488243CA7}.Release|Any CPU.ActiveCfg = Release|Any CPU
		{7EE5C82A-1E30-4289-9451-865488243CA7}.Release|Any CPU.Build.0 = Release|Any CPU
	EndGlobalSection
	GlobalSection(SolutionProperties) = preSolution
		HideSolutionNode = FALSE
	EndGlobalSection
	GlobalSection(ExtensibilityGlobals) = postSolution
		SolutionGuid = {33C621AC-891B-4B20-A898-7C289C7422F8}
	EndGlobalSection
EndGlobal
